
Microsoft Visual Studio Solution File, Format Version 12.00
# Visual Studio 15
VisualStudioVersion = 15.0.28307.1259
MinimumVisualStudioVersion = 10.0.40219.1
Project("{8BC9CEB8-8B4A-11D0-8D11-00A0C91BC942}") = "Firework", "Firework\Firework.vcxproj", "{440DB6AB-A695-4DD0-8657-BBDABC5B1F51}"
EndProject
Global
	GlobalSection(SolutionConfigurationPlatforms) = preSolution
		Debug|x64 = Debug|x64
		Debug|x86 = Debug|x86
		Release|x64 = Release|x64
		Release|x86 = Release|x86
	EndGlobalSection
	GlobalSection(ProjectConfigurationPlatforms) = postSolution
		{440DB6AB-A695-4DD0-8657-BBDABC5B1F51}.Debug|x64.ActiveCfg = Debug|x64
		{440DB6AB-A695-4DD0-8657-BBDABC5B1F51}.Debug|x64.Build.0 = Debug|x64
		{440DB6AB-A695-4DD0-8657-BBDABC5B1F51}.Debug|x86.ActiveCfg = Debug|Win32
		{440DB6AB-A695-4DD0-8657-BBDABC5B1F51}.Debug|x86.Build.0 = Debug|Win32
		{440DB6AB-A695-4DD0-8657-BBDABC5B1F51}.Release|x64.ActiveCfg = Release|x64
		{440DB6AB-A695-4DD0-8657-BBDABC5B1F51}.Release|x64.Build.0 = Release|x64
		{440DB6AB-A695-4DD0-8657-BBDABC5B1F51}.Release|x86.ActiveCfg = Release|Win32
		{440DB6AB-A695-4DD0-8657-BBDABC5B1F51}.Release|x86.Build.0 = Release|Win32
	EndGlobalSection
	GlobalSection(SolutionProperties) = preSolution
		HideSolutionNode = FALSE
	EndGlobalSection
	GlobalSection(ExtensibilityGlobals) = postSolution
		SolutionGuid = {C6FD6EC1-784C-43A3-AA01-9AE057E76D3F}
	EndGlobalSection
EndGlobal
